// !$*UTF8*$!
{
	archiveVersion = 1;
	classes = {
	};
	objectVersion = 50;
	objects = {

/* Begin PBXBuildFile section */
		548B8B98C800BB1C7B9625B6 /* Pods_Weather.framework in Frameworks */ = {isa = PBXBuildFile; fileRef = EFC82A918D7303ABA570CACF /* Pods_Weather.framework */; };
		688289CE147EB0E314B15328 /* Pods_WeatherTests.framework in Frameworks */ = {isa = PBXBuildFile; fileRef = 063C17D49683B026C6C62C28 /* Pods_WeatherTests.framework */; };
		A325E86721F8BC21005AD04C /* SplashViewController.swift in Sources */ = {isa = PBXBuildFile; fileRef = A325E86621F8BC21005AD04C /* SplashViewController.swift */; };
		A325E86921F8BE57005AD04C /* MapSelectViewController.swift in Sources */ = {isa = PBXBuildFile; fileRef = A325E86821F8BE57005AD04C /* MapSelectViewController.swift */; };
		A325E86B21F8CA5F005AD04C /* AppConfig.swift in Sources */ = {isa = PBXBuildFile; fileRef = A325E86A21F8CA5F005AD04C /* AppConfig.swift */; };
		A325E86D21F8D098005AD04C /* Weather.swift in Sources */ = {isa = PBXBuildFile; fileRef = A325E86C21F8D098005AD04C /* Weather.swift */; };
		A325E86F21F8D271005AD04C /* WeatherDetailsViewController.swift in Sources */ = {isa = PBXBuildFile; fileRef = A325E86E21F8D271005AD04C /* WeatherDetailsViewController.swift */; };
		A325E87121F8D582005AD04C /* WebServiceManager.swift in Sources */ = {isa = PBXBuildFile; fileRef = A325E87021F8D582005AD04C /* WebServiceManager.swift */; };
		A325E87321F8DD70005AD04C /* AppUtils.swift in Sources */ = {isa = PBXBuildFile; fileRef = A325E87221F8DD70005AD04C /* AppUtils.swift */; };
		A325E87521F8DF53005AD04C /* CacheManager.swift in Sources */ = {isa = PBXBuildFile; fileRef = A325E87421F8DF53005AD04C /* CacheManager.swift */; };
		A325E87721F8E2A3005AD04C /* HistoryViewController.swift in Sources */ = {isa = PBXBuildFile; fileRef = A325E87621F8E2A3005AD04C /* HistoryViewController.swift */; };
		A325E87921F8E516005AD04C /* HistoryItem.swift in Sources */ = {isa = PBXBuildFile; fileRef = A325E87821F8E516005AD04C /* HistoryItem.swift */; };
		A325E87B21F8E81E005AD04C /* DateUtility.swift in Sources */ = {isa = PBXBuildFile; fileRef = A325E87A21F8E81E005AD04C /* DateUtility.swift */; };
		A325E87D21F8EE6D005AD04C /* ImageCacheManager.swift in Sources */ = {isa = PBXBuildFile; fileRef = A325E87C21F8EE6D005AD04C /* ImageCacheManager.swift */; };
		A325E87F21F8EEA0005AD04C /* UIImageViewExtension.swift in Sources */ = {isa = PBXBuildFile; fileRef = A325E87E21F8EEA0005AD04C /* UIImageViewExtension.swift */; };
		A3AB872421F8BAFA009A75B8 /* AppDelegate.swift in Sources */ = {isa = PBXBuildFile; fileRef = A3AB872321F8BAFA009A75B8 /* AppDelegate.swift */; };
		A3AB872921F8BAFA009A75B8 /* Main.storyboard in Resources */ = {isa = PBXBuildFile; fileRef = A3AB872721F8BAFA009A75B8 /* Main.storyboard */; };
		A3AB872B21F8BAFC009A75B8 /* Assets.xcassets in Resources */ = {isa = PBXBuildFile; fileRef = A3AB872A21F8BAFC009A75B8 /* Assets.xcassets */; };
		A3AB872E21F8BAFC009A75B8 /* LaunchScreen.storyboard in Resources */ = {isa = PBXBuildFile; fileRef = A3AB872C21F8BAFC009A75B8 /* LaunchScreen.storyboard */; };
		A3AB873921F8BAFC009A75B8 /* WeatherTests.swift in Sources */ = {isa = PBXBuildFile; fileRef = A3AB873821F8BAFC009A75B8 /* WeatherTests.swift */; };
/* End PBXBuildFile section */

/* Begin PBXContainerItemProxy section */
		A3AB873521F8BAFC009A75B8 /* PBXContainerItemProxy */ = {
			isa = PBXContainerItemProxy;
			containerPortal = A3AB871821F8BAFA009A75B8 /* Project object */;
			proxyType = 1;
			remoteGlobalIDString = A3AB871F21F8BAFA009A75B8;
			remoteInfo = Weather;
		};
/* End PBXContainerItemProxy section */

/* Begin PBXFileReference section */
		063C17D49683B026C6C62C28 /* Pods_WeatherTests.framework */ = {isa = PBXFileReference; explicitFileType = wrapper.framework; includeInIndex = 0; path = Pods_WeatherTests.framework; sourceTree = BUILT_PRODUCTS_DIR; };
		0B545E07CDA4860617D98A20 /* Pods-WeatherTests.release.xcconfig */ = {isa = PBXFileReference; includeInIndex = 1; lastKnownFileType = text.xcconfig; name = "Pods-WeatherTests.release.xcconfig"; path = "Pods/Target Support Files/Pods-WeatherTests/Pods-WeatherTests.release.xcconfig"; sourceTree = "<group>"; };
		A325E86621F8BC21005AD04C /* SplashViewController.swift */ = {isa = PBXFileReference; fileEncoding = 4; lastKnownFileType = sourcecode.swift; path = SplashViewController.swift; sourceTree = "<group>"; };
		A325E86821F8BE57005AD04C /* MapSelectViewController.swift */ = {isa = PBXFileReference; lastKnownFileType = sourcecode.swift; path = MapSelectViewController.swift; sourceTree = "<group>"; };
		A325E86A21F8CA5F005AD04C /* AppConfig.swift */ = {isa = PBXFileReference; lastKnownFileType = sourcecode.swift; path = AppConfig.swift; sourceTree = "<group>"; };
		A325E86C21F8D098005AD04C /* Weather.swift */ = {isa = PBXFileReference; lastKnownFileType = sourcecode.swift; path = Weather.swift; sourceTree = "<group>"; };
		A325E86E21F8D271005AD04C /* WeatherDetailsViewController.swift */ = {isa = PBXFileReference; lastKnownFileType = sourcecode.swift; path = WeatherDetailsViewController.swift; sourceTree = "<group>"; };
		A325E87021F8D582005AD04C /* WebServiceManager.swift */ = {isa = PBXFileReference; lastKnownFileType = sourcecode.swift; path = WebServiceManager.swift; sourceTree = "<group>"; };
		A325E87221F8DD70005AD04C /* AppUtils.swift */ = {isa = PBXFileReference; fileEncoding = 4; lastKnownFileType = sourcecode.swift; path = AppUtils.swift; sourceTree = "<group>"; };
		A325E87421F8DF53005AD04C /* CacheManager.swift */ = {isa = PBXFileReference; lastKnownFileType = sourcecode.swift; path = CacheManager.swift; sourceTree = "<group>"; };
		A325E87621F8E2A3005AD04C /* HistoryViewController.swift */ = {isa = PBXFileReference; lastKnownFileType = sourcecode.swift; path = HistoryViewController.swift; sourceTree = "<group>"; };
		A325E87821F8E516005AD04C /* HistoryItem.swift */ = {isa = PBXFileReference; lastKnownFileType = sourcecode.swift; path = HistoryItem.swift; sourceTree = "<group>"; };
		A325E87A21F8E81E005AD04C /* DateUtility.swift */ = {isa = PBXFileReference; fileEncoding = 4; lastKnownFileType = sourcecode.swift; path = DateUtility.swift; sourceTree = "<group>"; };
		A325E87C21F8EE6D005AD04C /* ImageCacheManager.swift */ = {isa = PBXFileReference; fileEncoding = 4; lastKnownFileType = sourcecode.swift; path = ImageCacheManager.swift; sourceTree = "<group>"; };
		A325E87E21F8EEA0005AD04C /* UIImageViewExtension.swift */ = {isa = PBXFileReference; fileEncoding = 4; lastKnownFileType = sourcecode.swift; path = UIImageViewExtension.swift; sourceTree = "<group>"; };
		A3AB872021F8BAFA009A75B8 /* Weather.app */ = {isa = PBXFileReference; explicitFileType = wrapper.application; includeInIndex = 0; path = Weather.app; sourceTree = BUILT_PRODUCTS_DIR; };
		A3AB872321F8BAFA009A75B8 /* AppDelegate.swift */ = {isa = PBXFileReference; lastKnownFileType = sourcecode.swift; path = AppDelegate.swift; sourceTree = "<group>"; };
		A3AB872821F8BAFA009A75B8 /* Base */ = {isa = PBXFileReference; lastKnownFileType = file.storyboard; name = Base; path = Base.lproj/Main.storyboard; sourceTree = "<group>"; };
		A3AB872A21F8BAFC009A75B8 /* Assets.xcassets */ = {isa = PBXFileReference; lastKnownFileType = folder.assetcatalog; path = Assets.xcassets; sourceTree = "<group>"; };
		A3AB872D21F8BAFC009A75B8 /* Base */ = {isa = PBXFileReference; lastKnownFileType = file.storyboard; name = Base; path = Base.lproj/LaunchScreen.storyboard; sourceTree = "<group>"; };
		A3AB872F21F8BAFC009A75B8 /* Info.plist */ = {isa = PBXFileReference; lastKnownFileType = text.plist.xml; path = Info.plist; sourceTree = "<group>"; };
		A3AB873421F8BAFC009A75B8 /* WeatherTests.xctest */ = {isa = PBXFileReference; explicitFileType = wrapper.cfbundle; includeInIndex = 0; path = WeatherTests.xctest; sourceTree = BUILT_PRODUCTS_DIR; };
		A3AB873821F8BAFC009A75B8 /* WeatherTests.swift */ = {isa = PBXFileReference; lastKnownFileType = sourcecode.swift; path = WeatherTests.swift; sourceTree = "<group>"; };
		A3AB873A21F8BAFC009A75B8 /* Info.plist */ = {isa = PBXFileReference; lastKnownFileType = text.plist.xml; path = Info.plist; sourceTree = "<group>"; };
		D12B2A029A91A59AC99E87AA /* Pods-WeatherTests.debug.xcconfig */ = {isa = PBXFileReference; includeInIndex = 1; lastKnownFileType = text.xcconfig; name = "Pods-WeatherTests.debug.xcconfig"; path = "Pods/Target Support Files/Pods-WeatherTests/Pods-WeatherTests.debug.xcconfig"; sourceTree = "<group>"; };
		D7332F8F10961FC96E74495A /* Pods-Weather.release.xcconfig */ = {isa = PBXFileReference; includeInIndex = 1; lastKnownFileType = text.xcconfig; name = "Pods-Weather.release.xcconfig"; path = "Pods/Target Support Files/Pods-Weather/Pods-Weather.release.xcconfig"; sourceTree = "<group>"; };
		E48BB508D43DC28C965D5358 /* Pods-Weather.debug.xcconfig */ = {isa = PBXFileReference; includeInIndex = 1; lastKnownFileType = text.xcconfig; name = "Pods-Weather.debug.xcconfig"; path = "Pods/Target Support Files/Pods-Weather/Pods-Weather.debug.xcconfig"; sourceTree = "<group>"; };
		EFC82A918D7303ABA570CACF /* Pods_Weather.framework */ = {isa = PBXFileReference; explicitFileType = wrapper.framework; includeInIndex = 0; path = Pods_Weather.framework; sourceTree = BUILT_PRODUCTS_DIR; };
/* End PBXFileReference section */

/* Begin PBXFrameworksBuildPhase section */
		A3AB871D21F8BAFA009A75B8 /* Frameworks */ = {
			isa = PBXFrameworksBuildPhase;
			buildActionMask = 2147483647;
			files = (
				548B8B98C800BB1C7B9625B6 /* Pods_Weather.framework in Frameworks */,
			);
			runOnlyForDeploymentPostprocessing = 0;
		};
		A3AB873121F8BAFC009A75B8 /* Frameworks */ = {
			isa = PBXFrameworksBuildPhase;
			buildActionMask = 2147483647;
			files = (
				688289CE147EB0E314B15328 /* Pods_WeatherTests.framework in Frameworks */,
			);
			runOnlyForDeploymentPostprocessing = 0;
		};
/* End PBXFrameworksBuildPhase section */

/* Begin PBXGroup section */
		A325E86221F8BBFD005AD04C /* Utils */ = {
			isa = PBXGroup;
			children = (
				A325E87E21F8EEA0005AD04C /* UIImageViewExtension.swift */,
				A325E87C21F8EE6D005AD04C /* ImageCacheManager.swift */,
				A325E87A21F8E81E005AD04C /* DateUtility.swift */,
				A325E87221F8DD70005AD04C /* AppUtils.swift */,
				A325E86A21F8CA5F005AD04C /* AppConfig.swift */,
			);
			path = Utils;
			sourceTree = "<group>";
		};
		A325E86321F8BBFD005AD04C /* ViewControllers */ = {
			isa = PBXGroup;
			children = (
				A325E86621F8BC21005AD04C /* SplashViewController.swift */,
				A325E86821F8BE57005AD04C /* MapSelectViewController.swift */,
				A325E86E21F8D271005AD04C /* WeatherDetailsViewController.swift */,
				A325E87621F8E2A3005AD04C /* HistoryViewController.swift */,
			);
			path = ViewControllers;
			sourceTree = "<group>";
		};
		A325E86421F8BBFE005AD04C /* Model */ = {
			isa = PBXGroup;
			children = (
				A325E86C21F8D098005AD04C /* Weather.swift */,
				A325E87821F8E516005AD04C /* HistoryItem.swift */,
			);
			path = Model;
			sourceTree = "<group>";
		};
		A325E86521F8BBFE005AD04C /* Supporting */ = {
			isa = PBXGroup;
			children = (
				A325E87021F8D582005AD04C /* WebServiceManager.swift */,
				A325E87421F8DF53005AD04C /* CacheManager.swift */,
			);
			path = Supporting;
			sourceTree = "<group>";
		};
		A3AB871721F8BAFA009A75B8 = {
			isa = PBXGroup;
			children = (
				A3AB872221F8BAFA009A75B8 /* Weather */,
				A3AB873721F8BAFC009A75B8 /* WeatherTests */,
				A3AB872121F8BAFA009A75B8 /* Products */,
				CE311AFCF89BB65B14B09D2E /* Pods */,
				BCF79A1128EC43317DD2BDDD /* Frameworks */,
			);
			sourceTree = "<group>";
		};
		A3AB872121F8BAFA009A75B8 /* Products */ = {
			isa = PBXGroup;
			children = (
				A3AB872021F8BAFA009A75B8 /* Weather.app */,
				A3AB873421F8BAFC009A75B8 /* WeatherTests.xctest */,
			);
			name = Products;
			sourceTree = "<group>";
		};
		A3AB872221F8BAFA009A75B8 /* Weather */ = {
			isa = PBXGroup;
			children = (
				A325E86321F8BBFD005AD04C /* ViewControllers */,
				A325E86421F8BBFE005AD04C /* Model */,
				A325E86521F8BBFE005AD04C /* Supporting */,
				A325E86221F8BBFD005AD04C /* Utils */,
				A3AB872321F8BAFA009A75B8 /* AppDelegate.swift */,
				A3AB872721F8BAFA009A75B8 /* Main.storyboard */,
				A3AB872A21F8BAFC009A75B8 /* Assets.xcassets */,
				A3AB872C21F8BAFC009A75B8 /* LaunchScreen.storyboard */,
				A3AB872F21F8BAFC009A75B8 /* Info.plist */,
			);
			path = Weather;
			sourceTree = "<group>";
		};
		A3AB873721F8BAFC009A75B8 /* WeatherTests */ = {
			isa = PBXGroup;
			children = (
				A3AB873821F8BAFC009A75B8 /* WeatherTests.swift */,
				A3AB873A21F8BAFC009A75B8 /* Info.plist */,
			);
			path = WeatherTests;
			sourceTree = "<group>";
		};
		BCF79A1128EC43317DD2BDDD /* Frameworks */ = {
			isa = PBXGroup;
			children = (
				EFC82A918D7303ABA570CACF /* Pods_Weather.framework */,
				063C17D49683B026C6C62C28 /* Pods_WeatherTests.framework */,
			);
			name = Frameworks;
			sourceTree = "<group>";
		};
		CE311AFCF89BB65B14B09D2E /* Pods */ = {
			isa = PBXGroup;
			children = (
				E48BB508D43DC28C965D5358 /* Pods-Weather.debug.xcconfig */,
				D7332F8F10961FC96E74495A /* Pods-Weather.release.xcconfig */,
				D12B2A029A91A59AC99E87AA /* Pods-WeatherTests.debug.xcconfig */,
				0B545E07CDA4860617D98A20 /* Pods-WeatherTests.release.xcconfig */,
			);
			name = Pods;
			sourceTree = "<group>";
		};
/* End PBXGroup section */

/* Begin PBXNativeTarget section */
		A3AB871F21F8BAFA009A75B8 /* Weather */ = {
			isa = PBXNativeTarget;
			buildConfigurationList = A3AB873D21F8BAFC009A75B8 /* Build configuration list for PBXNativeTarget "Weather" */;
			buildPhases = (
				ABB3C072DE53FEE5EF2A54AA /* [CP] Check Pods Manifest.lock */,
				A3AB871C21F8BAFA009A75B8 /* Sources */,
				A3AB871D21F8BAFA009A75B8 /* Frameworks */,
				A3AB871E21F8BAFA009A75B8 /* Resources */,
				32A0401CA984C3CB7DAA49FB /* [CP] Embed Pods Frameworks */,
			);
			buildRules = (
			);
			dependencies = (
			);
			name = Weather;
			productName = Weather;
			productReference = A3AB872021F8BAFA009A75B8 /* Weather.app */;
			productType = "com.apple.product-type.application";
		};
		A3AB873321F8BAFC009A75B8 /* WeatherTests */ = {
			isa = PBXNativeTarget;
			buildConfigurationList = A3AB874021F8BAFC009A75B8 /* Build configuration list for PBXNativeTarget "WeatherTests" */;
			buildPhases = (
				DBE3D910EF3BE71B5F4147B1 /* [CP] Check Pods Manifest.lock */,
				A3AB873021F8BAFC009A75B8 /* Sources */,
				A3AB873121F8BAFC009A75B8 /* Frameworks */,
				A3AB873221F8BAFC009A75B8 /* Resources */,
			);
			buildRules = (
			);
			dependencies = (
				A3AB873621F8BAFC009A75B8 /* PBXTargetDependency */,
			);
			name = WeatherTests;
			productName = WeatherTests;
			productReference = A3AB873421F8BAFC009A75B8 /* WeatherTests.xctest */;
			productType = "com.apple.product-type.bundle.unit-test";
		};
/* End PBXNativeTarget section */

/* Begin PBXProject section */
		A3AB871821F8BAFA009A75B8 /* Project object */ = {
			isa = PBXProject;
			attributes = {
				LastSwiftUpdateCheck = 1010;
				LastUpgradeCheck = 1010;
				ORGANIZATIONNAME = "Benjamin Chris";
				TargetAttributes = {
					A3AB871F21F8BAFA009A75B8 = {
						CreatedOnToolsVersion = 10.1;
					};
					A3AB873321F8BAFC009A75B8 = {
						CreatedOnToolsVersion = 10.1;
						TestTargetID = A3AB871F21F8BAFA009A75B8;
					};
				};
			};
			buildConfigurationList = A3AB871B21F8BAFA009A75B8 /* Build configuration list for PBXProject "Weather" */;
			compatibilityVersion = "Xcode 9.3";
			developmentRegion = en;
			hasScannedForEncodings = 0;
			knownRegions = (
				en,
				Base,
			);
			mainGroup = A3AB871721F8BAFA009A75B8;
			productRefGroup = A3AB872121F8BAFA009A75B8 /* Products */;
			projectDirPath = "";
			projectRoot = "";
			targets = (
				A3AB871F21F8BAFA009A75B8 /* Weather */,
				A3AB873321F8BAFC009A75B8 /* WeatherTests */,
			);
		};
/* End PBXProject section */

/* Begin PBXResourcesBuildPhase section */
		A3AB871E21F8BAFA009A75B8 /* Resources */ = {
			isa = PBXResourcesBuildPhase;
			buildActionMask = 2147483647;
			files = (
				A3AB872E21F8BAFC009A75B8 /* LaunchScreen.storyboard in Resources */,
				A3AB872B21F8BAFC009A75B8 /* Assets.xcassets in Resources */,
				A3AB872921F8BAFA009A75B8 /* Main.storyboard in Resources */,
			);
			runOnlyForDeploymentPostprocessing = 0;
		};
		A3AB873221F8BAFC009A75B8 /* Resources */ = {
			isa = PBXResourcesBuildPhase;
			buildActionMask = 2147483647;
			files = (
			);
			runOnlyForDeploymentPostprocessing = 0;
		};
/* End PBXResourcesBuildPhase section */

/* Begin PBXShellScriptBuildPhase section */
		32A0401CA984C3CB7DAA49FB /* [CP] Embed Pods Frameworks */ = {
			isa = PBXShellScriptBuildPhase;
			buildActionMask = 2147483647;
			files = (
			);
			inputFileListPaths = (
			);
			inputPaths = (
				"${SRCROOT}/Pods/Target Support Files/Pods-Weather/Pods-Weather-frameworks.sh",
				"${BUILT_PRODUCTS_DIR}/Alamofire/Alamofire.framework",
				"${BUILT_PRODUCTS_DIR}/ObjectMapper/ObjectMapper.framework",
			);
			name = "[CP] Embed Pods Frameworks";
			outputFileListPaths = (
			);
			outputPaths = (
				"${TARGET_BUILD_DIR}/${FRAMEWORKS_FOLDER_PATH}/Alamofire.framework",
				"${TARGET_BUILD_DIR}/${FRAMEWORKS_FOLDER_PATH}/ObjectMapper.framework",
			);
			runOnlyForDeploymentPostprocessing = 0;
			shellPath = /bin/sh;
			shellScript = "\"${SRCROOT}/Pods/Target Support Files/Pods-Weather/Pods-Weather-frameworks.sh\"\n";
			showEnvVarsInLog = 0;
		};
		ABB3C072DE53FEE5EF2A54AA /* [CP] Check Pods Manifest.lock */ = {
			isa = PBXShellScriptBuildPhase;
			buildActionMask = 2147483647;
			files = (
			);
			inputFileListPaths = (
			);
			inputPaths = (
				"${PODS_PODFILE_DIR_PATH}/Podfile.lock",
				"${PODS_ROOT}/Manifest.lock",
			);
			name = "[CP] Check Pods Manifest.lock";
			outputFileListPaths = (
			);
			outputPaths = (
				"$(DERIVED_FILE_DIR)/Pods-Weather-checkManifestLockResult.txt",
			);
			runOnlyForDeploymentPostprocessing = 0;
			shellPath = /bin/sh;
			shellScript = "diff \"${PODS_PODFILE_DIR_PATH}/Podfile.lock\" \"${PODS_ROOT}/Manifest.lock\" > /dev/null\nif [ $? != 0 ] ; then\n    # print error to STDERR\n    echo \"error: The sandbox is not in sync with the Podfile.lock. Run 'pod install' or update your CocoaPods installation.\" >&2\n    exit 1\nfi\n# This output is used by Xcode 'outputs' to avoid re-running this script phase.\necho \"SUCCESS\" > \"${SCRIPT_OUTPUT_FILE_0}\"\n";
			showEnvVarsInLog = 0;
		};
		DBE3D910EF3BE71B5F4147B1 /* [CP] Check Pods Manifest.lock */ = {
			isa = PBXShellScriptBuildPhase;
			buildActionMask = 2147483647;
			files = (
			);
			inputFileListPaths = (
			);
			inputPaths = (
				"${PODS_PODFILE_DIR_PATH}/Podfile.lock",
				"${PODS_ROOT}/Manifest.lock",
			);
			name = "[CP] Check Pods Manifest.lock";
			outputFileListPaths = (
			);
			outputPaths = (
				"$(DERIVED_FILE_DIR)/Pods-WeatherTests-checkManifestLockResult.txt",
			);
			runOnlyForDeploymentPostprocessing = 0;
			shellPath = /bin/sh;
			shellScript = "diff \"${PODS_PODFILE_DIR_PATH}/Podfile.lock\" \"${PODS_ROOT}/Manifest.lock\" > /dev/null\nif [ $? != 0 ] ; then\n    # print error to STDERR\n    echo \"error: The sandbox is not in sync with the Podfile.lock. Run 'pod install' or update your CocoaPods installation.\" >&2\n    exit 1\nfi\n# This output is used by Xcode 'outputs' to avoid re-running this script phase.\necho \"SUCCESS\" > \"${SCRIPT_OUTPUT_FILE_0}\"\n";
			showEnvVarsInLog = 0;
		};
/* End PBXShellScriptBuildPhase section */

/* Begin PBXSourcesBuildPhase section */
		A3AB871C21F8BAFA009A75B8 /* Sources */ = {
			isa = PBXSourcesBuildPhase;
			buildActionMask = 2147483647;
			files = (
				A3AB872421F8BAFA009A75B8 /* AppDelegate.swift in Sources */,
				A325E87521F8DF53005AD04C /* CacheManager.swift in Sources */,
				A325E87121F8D582005AD04C /* WebServiceManager.swift in Sources */,
				A325E87921F8E516005AD04C /* HistoryItem.swift in Sources */,
				A325E87721F8E2A3005AD04C /* HistoryViewController.swift in Sources */,
				A325E87D21F8EE6D005AD04C /* ImageCacheManager.swift in Sources */,
				A325E86B21F8CA5F005AD04C /* AppConfig.swift in Sources */,
				A325E87321F8DD70005AD04C /* AppUtils.swift in Sources */,
				A325E87F21F8EEA0005AD04C /* UIImageViewExtension.swift in Sources */,
				A325E86F21F8D271005AD04C /* WeatherDetailsViewController.swift in Sources */,
				A325E86721F8BC21005AD04C /* SplashViewController.swift in Sources */,
				A325E86921F8BE57005AD04C /* MapSelectViewController.swift in Sources */,
				A325E87B21F8E81E005AD04C /* DateUtility.swift in Sources */,
				A325E86D21F8D098005AD04C /* Weather.swift in Sources */,
			);
			runOnlyForDeploymentPostprocessing = 0;
		};
		A3AB873021F8BAFC009A75B8 /* Sources */ = {
			isa = PBXSourcesBuildPhase;
			buildActionMask = 2147483647;
			files = (
				A3AB873921F8BAFC009A75B8 /* WeatherTests.swift in Sources */,
			);
			runOnlyForDeploymentPostprocessing = 0;
		};
/* End PBXSourcesBuildPhase section */

/* Begin PBXTargetDependency section */
		A3AB873621F8BAFC009A75B8 /* PBXTargetDependency */ = {
			isa = PBXTargetDependency;
			target = A3AB871F21F8BAFA009A75B8 /* Weather */;
			targetProxy = A3AB873521F8BAFC009A75B8 /* PBXContainerItemProxy */;
		};
/* End PBXTargetDependency section */

/* Begin PBXVariantGroup section */
		A3AB872721F8BAFA009A75B8 /* Main.storyboard */ = {
			isa = PBXVariantGroup;
			children = (
				A3AB872821F8BAFA009A75B8 /* Base */,
			);
			name = Main.storyboard;
			sourceTree = "<group>";
		};
		A3AB872C21F8BAFC009A75B8 /* LaunchScreen.storyboard */ = {
			isa = PBXVariantGroup;
			children = (
				A3AB872D21F8BAFC009A75B8 /* Base */,
			);
			name = LaunchScreen.storyboard;
			sourceTree = "<group>";
		};
/* End PBXVariantGroup section */

/* Begin XCBuildConfiguration section */
		A3AB873B21F8BAFC009A75B8 /* Debug */ = {
			isa = XCBuildConfiguration;
			buildSettings = {
				ALWAYS_SEARCH_USER_PATHS = NO;
				CLANG_ANALYZER_NONNULL = YES;
				CLANG_ANALYZER_NUMBER_OBJECT_CONVERSION = YES_AGGRESSIVE;
				CLANG_CXX_LANGUAGE_STANDARD = "gnu++14";
				CLANG_CXX_LIBRARY = "libc++";
				CLANG_ENABLE_MODULES = YES;
				CLANG_ENABLE_OBJC_ARC = YES;
				CLANG_ENABLE_OBJC_WEAK = YES;
				CLANG_WARN_BLOCK_CAPTURE_AUTORELEASING = YES;
				CLANG_WARN_BOOL_CONVERSION = YES;
				CLANG_WARN_COMMA = YES;
				CLANG_WARN_CONSTANT_CONVERSION = YES;
				CLANG_WARN_DEPRECATED_OBJC_IMPLEMENTATIONS = YES;
				CLANG_WARN_DIRECT_OBJC_ISA_USAGE = YES_ERROR;
				CLANG_WARN_DOCUMENTATION_COMMENTS = YES;
				CLANG_WARN_EMPTY_BODY = YES;
				CLANG_WARN_ENUM_CONVERSION = YES;
				CLANG_WARN_INFINITE_RECURSION = YES;
				CLANG_WARN_INT_CONVERSION = YES;
				CLANG_WARN_NON_LITERAL_NULL_CONVERSION = YES;
				CLANG_WARN_OBJC_IMPLICIT_RETAIN_SELF = YES;
				CLANG_WARN_OBJC_LITERAL_CONVERSION = YES;
				CLANG_WARN_OBJC_ROOT_CLASS = YES_ERROR;
				CLANG_WARN_RANGE_LOOP_ANALYSIS = YES;
				CLANG_WARN_STRICT_PROTOTYPES = YES;
				CLANG_WARN_SUSPICIOUS_MOVE = YES;
				CLANG_WARN_UNGUARDED_AVAILABILITY = YES_AGGRESSIVE;
				CLANG_WARN_UNREACHABLE_CODE = YES;
				CLANG_WARN__DUPLICATE_METHOD_MATCH = YES;
				CODE_SIGN_IDENTITY = "iPhone Developer";
				COPY_PHASE_STRIP = NO;
				DEBUG_INFORMATION_FORMAT = dwarf;
				ENABLE_STRICT_OBJC_MSGSEND = YES;
				ENABLE_TESTABILITY = YES;
				GCC_C_LANGUAGE_STANDARD = gnu11;
				GCC_DYNAMIC_NO_PIC = NO;
				GCC_NO_COMMON_BLOCKS = YES;
				GCC_OPTIMIZATION_LEVEL = 0;
				GCC_PREPROCESSOR_DEFINITIONS = (
					"DEBUG=1",
					"$(inherited)",
				);
				GCC_WARN_64_TO_32_BIT_CONVERSION = YES;
				GCC_WARN_ABOUT_RETURN_TYPE = YES_ERROR;
				GCC_WARN_UNDECLARED_SELECTOR = YES;
				GCC_WARN_UNINITIALIZED_AUTOS = YES_AGGRESSIVE;
				GCC_WARN_UNUSED_FUNCTION = YES;
				GCC_WARN_UNUSED_VARIABLE = YES;
				IPHONEOS_DEPLOYMENT_TARGET = 12.1;
				MTL_ENABLE_DEBUG_INFO = INCLUDE_SOURCE;
				MTL_FAST_MATH = YES;
				ONLY_ACTIVE_ARCH = YES;
				SDKROOT = iphoneos;
				SWIFT_ACTIVE_COMPILATION_CONDITIONS = DEBUG;
				SWIFT_OPTIMIZATION_LEVEL = "-Onone";
			};
			name = Debug;
		};
		A3AB873C21F8BAFC009A75B8 /* Release */ = {
			isa = XCBuildConfiguration;
			buildSettings = {
				ALWAYS_SEARCH_USER_PATHS = NO;
				CLANG_ANALYZER_NONNULL = YES;
				CLANG_ANALYZER_NUMBER_OBJECT_CONVERSION = YES_AGGRESSIVE;
				CLANG_CXX_LANGUAGE_STANDARD = "gnu++14";
				CLANG_CXX_LIBRARY = "libc++";
				CLANG_ENABLE_MODULES = YES;
				CLANG_ENABLE_OBJC_ARC = YES;
				CLANG_ENABLE_OBJC_WEAK = YES;
				CLANG_WARN_BLOCK_CAPTURE_AUTORELEASING = YES;
				CLANG_WARN_BOOL_CONVERSION = YES;
				CLANG_WARN_COMMA = YES;
				CLANG_WARN_CONSTANT_CONVERSION = YES;
				CLANG_WARN_DEPRECATED_OBJC_IMPLEMENTATIONS = YES;
				CLANG_WARN_DIRECT_OBJC_ISA_USAGE = YES_ERROR;
				CLANG_WARN_DOCUMENTATION_COMMENTS = YES;
				CLANG_WARN_EMPTY_BODY = YES;
				CLANG_WARN_ENUM_CONVERSION = YES;
				CLANG_WARN_INFINITE_RECURSION = YES;
				CLANG_WARN_INT_CONVERSION = YES;
				CLANG_WARN_NON_LITERAL_NULL_CONVERSION = YES;
				CLANG_WARN_OBJC_IMPLICIT_RETAIN_SELF = YES;
				CLANG_WARN_OBJC_LITERAL_CONVERSION = YES;
				CLANG_WARN_OBJC_ROOT_CLASS = YES_ERROR;
				CLANG_WARN_RANGE_LOOP_ANALYSIS = YES;
				CLANG_WARN_STRICT_PROTOTYPES = YES;
				CLANG_WARN_SUSPICIOUS_MOVE = YES;
				CLANG_WARN_UNGUARDED_AVAILABILITY = YES_AGGRESSIVE;
				CLANG_WARN_UNREACHABLE_CODE = YES;
				CLANG_WARN__DUPLICATE_METHOD_MATCH = YES;
				CODE_SIGN_IDENTITY = "iPhone Developer";
				COPY_PHASE_STRIP = NO;
				DEBUG_INFORMATION_FORMAT = "dwarf-with-dsym";
				ENABLE_NS_ASSERTIONS = NO;
				ENABLE_STRICT_OBJC_MSGSEND = YES;
				GCC_C_LANGUAGE_STANDARD = gnu11;
				GCC_NO_COMMON_BLOCKS = YES;
				GCC_WARN_64_TO_32_BIT_CONVERSION = YES;
				GCC_WARN_ABOUT_RETURN_TYPE = YES_ERROR;
				GCC_WARN_UNDECLARED_SELECTOR = YES;
				GCC_WARN_UNINITIALIZED_AUTOS = YES_AGGRESSIVE;
				GCC_WARN_UNUSED_FUNCTION = YES;
				GCC_WARN_UNUSED_VARIABLE = YES;
				IPHONEOS_DEPLOYMENT_TARGET = 12.1;
				MTL_ENABLE_DEBUG_INFO = NO;
				MTL_FAST_MATH = YES;
				SDKROOT = iphoneos;
				SWIFT_COMPILATION_MODE = wholemodule;
				SWIFT_OPTIMIZATION_LEVEL = "-O";
				VALIDATE_PRODUCT = YES;
			};
			name = Release;
		};
		A3AB873E21F8BAFC009A75B8 /* Debug */ = {
			isa = XCBuildConfiguration;
			baseConfigurationReference = E48BB508D43DC28C965D5358 /* Pods-Weather.debug.xcconfig */;
			buildSettings = {
				ASSETCATALOG_COMPILER_APPICON_NAME = AppIcon;
				CODE_SIGN_STYLE = Automatic;
				DEVELOPMENT_TEAM = 5GN6P678A7;
				INFOPLIST_FILE = Weather/Info.plist;
				IPHONEOS_DEPLOYMENT_TARGET = 11.0;
				LD_RUNPATH_SEARCH_PATHS = (
					"$(inherited)",
					"@executable_path/Frameworks",
				);
				PRODUCT_BUNDLE_IDENTIFIER = com.test.Weather;
				PRODUCT_NAME = "$(TARGET_NAME)";
				SWIFT_VERSION = 4.2;
				TARGETED_DEVICE_FAMILY = "1,2";
			};
			name = Debug;
		};
		A3AB873F21F8BAFC009A75B8 /* Release */ = {
			isa = XCBuildConfiguration;
			baseConfigurationReference = D7332F8F10961FC96E74495A /* Pods-Weather.release.xcconfig */;
			buildSettings = {
				ASSETCATALOG_COMPILER_APPICON_NAME = AppIcon;
				CODE_SIGN_STYLE = Automatic;
				DEVELOPMENT_TEAM = 5GN6P678A7;
				INFOPLIST_FILE = Weather/Info.plist;
				IPHONEOS_DEPLOYMENT_TARGET = 11.0;
				LD_RUNPATH_SEARCH_PATHS = (
					"$(inherited)",
					"@executable_path/Frameworks",
				);
				PRODUCT_BUNDLE_IDENTIFIER = com.test.Weather;
				PRODUCT_NAME = "$(TARGET_NAME)";
				SWIFT_VERSION = 4.2;
				TARGETED_DEVICE_FAMILY = "1,2";
			};
			name = Release;
		};
		A3AB874121F8BAFC009A75B8 /* Debug */ = {
			isa = XCBuildConfiguration;
			baseConfigurationReference = D12B2A029A91A59AC99E87AA /* Pods-WeatherTests.debug.xcconfig */;
			buildSettings = {
				ALWAYS_EMBED_SWIFT_STANDARD_LIBRARIES = YES;
				BUNDLE_LOADER = "$(TEST_HOST)";
				CODE_SIGN_STYLE = Automatic;
				INFOPLIST_FILE = WeatherTests/Info.plist;
				LD_RUNPATH_SEARCH_PATHS = (
					"$(inherited)",
					"@executable_path/Frameworks",
					"@loader_path/Frameworks",
				);
				PRODUCT_BUNDLE_IDENTIFIER = com.test.WeatherTests;
				PRODUCT_NAME = "$(TARGET_NAME)";
				SWIFT_VERSION = 4.2;
				TARGETED_DEVICE_FAMILY = "1,2";
				TEST_HOST = "$(BUILT_PRODUCTS_DIR)/Weather.app/Weather";
			};
			name = Debug;
		};
		A3AB874221F8BAFC009A75B8 /* Release */ = {
			isa = XCBuildConfiguration;
			baseConfigurationReference = 0B545E07CDA4860617D98A20 /* Pods-WeatherTests.release.xcconfig */;
			buildSettings = {
				ALWAYS_EMBED_SWIFT_STANDARD_LIBRARIES = YES;
				BUNDLE_LOADER = "$(TEST_HOST)";
				CODE_SIGN_STYLE = Automatic;
				INFOPLIST_FILE = WeatherTests/Info.plist;
				LD_RUNPATH_SEARCH_PATHS = (
					"$(inherited)",
					"@executable_path/Frameworks",
					"@loader_path/Frameworks",
				);
				PRODUCT_BUNDLE_IDENTIFIER = com.test.WeatherTests;
				PRODUCT_NAME = "$(TARGET_NAME)";
				SWIFT_VERSION = 4.2;
				TARGETED_DEVICE_FAMILY = "1,2";
				TEST_HOST = "$(BUILT_PRODUCTS_DIR)/Weather.app/Weather";
			};
			name = Release;
		};
/* End XCBuildConfiguration section */

/* Begin XCConfigurationList section */
		A3AB871B21F8BAFA009A75B8 /* Build configuration list for PBXProject "Weather" */ = {
			isa = XCConfigurationList;
			buildConfigurations = (
				A3AB873B21F8BAFC009A75B8 /* Debug */,
				A3AB873C21F8BAFC009A75B8 /* Release */,
			);
			defaultConfigurationIsVisible = 0;
			defaultConfigurationName = Release;
		};
		A3AB873D21F8BAFC009A75B8 /* Build configuration list for PBXNativeTarget "Weather" */ = {
			isa = XCConfigurationList;
			buildConfigurations = (
				A3AB873E21F8BAFC009A75B8 /* Debug */,
				A3AB873F21F8BAFC009A75B8 /* Release */,
			);
			defaultConfigurationIsVisible = 0;
			defaultConfigurationName = Release;
		};
		A3AB874021F8BAFC009A75B8 /* Build configuration list for PBXNativeTarget "WeatherTests" */ = {
			isa = XCConfigurationList;
			buildConfigurations = (
				A3AB874121F8BAFC009A75B8 /* Debug */,
				A3AB874221F8BAFC009A75B8 /* Release */,
			);
			defaultConfigurationIsVisible = 0;
			defaultConfigurationName = Release;
		};
/* End XCConfigurationList section */
	};
	rootObject = A3AB871821F8BAFA009A75B8 /* Project object */;
}
